{
  "nodes": {
    "nixpkgs": {
      "locked": {
        "lastModified": 1772479524,
        "narHash": "sha256-U+hMRvavBzJYhdWCWGRHCK3bpcKjqTJAnyii3y09uT8=",
        "rev": "4215e62dc2cd3bc705b0a423b9719ff6be378a43",
        "type": "tarball",
        "url": "https://releases.nixos.org/nixpkgs/nixpkgs-26.05pre957146.4215e62dc2cd/nixexprs.tar.xz"
      },
      "original": {
        "type": "tarball",
        "url": "https://channels.nixos.org/nixpkgs-unstable/nixexprs.tar.xz"
      }
    },
    "root": {
      "inputs": {
        "nixpkgs": "nixpkgs"
      }
    }
  },
  "root": "root",
  "version": 7
}
